
Microsoft Visual Studio Solution File, Format Version 12.00
# Visual Studio 15
VisualStudioVersion = 15.0.28307.1525
MinimumVisualStudioVersion = 10.0.40219.1
Project("{FAE04EC0-301F-11D3-BF4B-00C04F79EFBC}") = "BankSystem", "BankSystem\BankSystem.csproj", "{FF015120-E661-423B-ADBF-9233EC1294DF}"
EndProject
Global
	GlobalSection(SolutionConfigurationPlatforms) = preSolution
		Debug|Any CPU = Debug|Any CPU
		Release|Any CPU = Release|Any CPU
	EndGlobalSection
	GlobalSection(ProjectConfigurationPlatforms) = postSolution
		{FF015120-E661-423B-ADBF-9233EC1294DF}.Debug|Any CPU.ActiveCfg = Debug|Any CPU
		{FF015120-E661-423B-ADBF-9233EC1294DF}.Debug|Any CPU.Build.0 = Debug|Any CPU
		{FF015120-E661-423B-ADBF-9233EC1294DF}.Release|Any CPU.ActiveCfg = Release|Any CPU
		{FF015120-E661-423B-ADBF-9233EC1294DF}.Release|Any CPU.Build.0 = Release|Any CPU
	EndGlobalSection
	GlobalSection(SolutionProperties) = preSolution
		HideSolutionNode = FALSE
	EndGlobalSection
	GlobalSection(ExtensibilityGlobals) = postSolution
		SolutionGuid = {B9DF21BD-E046-4B12-9A31-710851DCDA8F}
	EndGlobalSection
EndGlobal
